
Microsoft Visual Studio Solution File, Format Version 12.00
# Visual Studio Version 17
VisualStudioVersion = 17.3.32922.545
MinimumVisualStudioVersion = 10.0.40219.1
Project("{FAE04EC0-301F-11D3-BF4B-00C04F79EFBC}") = "Day3Github", "Day3Github\Day3Github.csproj", "{60B91E2B-00F5-434D-ADBA-179D86750B4C}"
EndProject
Global
	GlobalSection(SolutionConfigurationPlatforms) = preSolution
		Debug|Any CPU = Debug|Any CPU
		Release|Any CPU = Release|Any CPU
	EndGlobalSection
	GlobalSection(ProjectConfigurationPlatforms) = postSolution
		{60B91E2B-00F5-434D-ADBA-179D86750B4C}.Debug|Any CPU.ActiveCfg = Debug|Any CPU
		{60B91E2B-00F5-434D-ADBA-179D86750B4C}.Debug|Any CPU.Build.0 = Debug|Any CPU
		{60B91E2B-00F5-434D-ADBA-179D86750B4C}.Release|Any CPU.ActiveCfg = Release|Any CPU
		{60B91E2B-00F5-434D-ADBA-179D86750B4C}.Release|Any CPU.Build.0 = Release|Any CPU
	EndGlobalSection
	GlobalSection(SolutionProperties) = preSolution
		HideSolutionNode = FALSE
	EndGlobalSection
	GlobalSection(ExtensibilityGlobals) = postSolution
		SolutionGuid = {56CC4637-6409-4735-8567-19A0A7EBAD37}
	EndGlobalSection
EndGlobal
